{
  "name": "trackr",
  "version": "0.1.0",
  "lockfileVersion": 3,
  "requires": true,
  "packages": {
    "": {
      "name": "trackr",
      "version": "0.1.0",
      "license": "MIT",
      "workspaces": [
        "packages/ui",
        "packages/api"
      ]
    },
    "node_modules/@trackr/ui": {
      "resolved": "packages/ui",
      "link": true
    },
    "node_modules/api": {
      "resolved": "packages/api",
      "link": true
    },
    "packages/api": {
      "version": "1.0.0",
      "license": "ISC",
      "devDependencies": {}
    },
    "packages/ui": {
      "name": "@trackr/ui",
      "version": "0.1.0",
      "license": "MIT"
    }
  }
}
